
Microsoft Visual Studio Solution File, Format Version 12.00
# Visual Studio 15
VisualStudioVersion = 15.0.28307.2017
MinimumVisualStudioVersion = 10.0.40219.1
Project("{FAE04EC0-301F-11D3-BF4B-00C04F79EFBC}") = "XKCD Downloader", "XKCD Downloader\XKCD Downloader.csproj", "{F6B55A7E-58CC-4EDD-BEF8-85BEBAC1BBDC}"
EndProject
Global
	GlobalSection(SolutionConfigurationPlatforms) = preSolution
		Debug|Any CPU = Debug|Any CPU
		Release|Any CPU = Release|Any CPU
	EndGlobalSection
	GlobalSection(ProjectConfigurationPlatforms) = postSolution
		{F6B55A7E-58CC-4EDD-BEF8-85BEBAC1BBDC}.Debug|Any CPU.ActiveCfg = Debug|Any CPU
		{F6B55A7E-58CC-4EDD-BEF8-85BEBAC1BBDC}.Debug|Any CPU.Build.0 = Debug|Any CPU
		{F6B55A7E-58CC-4EDD-BEF8-85BEBAC1BBDC}.Release|Any CPU.ActiveCfg = Release|Any CPU
		{F6B55A7E-58CC-4EDD-BEF8-85BEBAC1BBDC}.Release|Any CPU.Build.0 = Release|Any CPU
	EndGlobalSection
	GlobalSection(SolutionProperties) = preSolution
		HideSolutionNode = FALSE
	EndGlobalSection
	GlobalSection(ExtensibilityGlobals) = postSolution
		SolutionGuid = {0D8AC1AB-FA55-408B-9F59-A80FD6949D0E}
	EndGlobalSection
EndGlobal
